
Microsoft Visual Studio Solution File, Format Version 12.00
# Visual Studio Version 17
VisualStudioVersion = 17.1.32210.238
MinimumVisualStudioVersion = 10.0.40219.1
Project("{9A19103F-16F7-4668-BE54-9A1E7A4F7556}") = "Online Cinema UI", "Online Cinema UI\Online Cinema UI.csproj", "{58C5A69B-30B1-4AC0-8BC6-5B85BA7984F8}"
EndProject
Project("{9A19103F-16F7-4668-BE54-9A1E7A4F7556}") = "Online Cinema BLL", "Online Cinema BLL\Online Cinema BLL.csproj", "{8142125E-38F5-463E-9198-39F0DF3B90F6}"
EndProject
Project("{9A19103F-16F7-4668-BE54-9A1E7A4F7556}") = "Online Cinema Domain", "Online Cinema Core\Online Cinema Domain.csproj", "{9B9A2C13-C35B-45A4-BEBC-E8C9A8DE61A6}"
EndProject
Project("{9A19103F-16F7-4668-BE54-9A1E7A4F7556}") = "Online Cinema Models.Domain", "Online Cinema Domain\Online Cinema Models.Domain.csproj", "{FACE7D1C-0B7A-4762-8034-6205DA3FD82C}"
EndProject
Project("{9A19103F-16F7-4668-BE54-9A1E7A4F7556}") = "Online Cinema Core", "OnlineCinema Core\Online Cinema Core.csproj", "{A13BFC52-5939-4CB5-BAD5-F7317A5D6F5F}"
EndProject
Project("{9A19103F-16F7-4668-BE54-9A1E7A4F7556}") = "Online Cinema BLL.Observers", "Online Cinema BLL.Observers\Online Cinema BLL.Observers.csproj", "{DF558473-6A7C-48C5-A53E-FB3196FCE8CA}"
EndProject
Project("{9A19103F-16F7-4668-BE54-9A1E7A4F7556}") = "Online Cinema BLL.Cache", "Online Cinema BLL.Cache\Online Cinema BLL.Cache.csproj", "{E7BD6FBF-FDE7-4E80-BCB6-151ACB055B7C}"
EndProject
Project("{9A19103F-16F7-4668-BE54-9A1E7A4F7556}") = "Online Cinema BLL.SignalR", "Online Cinema BLL.SignalR\Online Cinema BLL.SignalR.csproj", "{97DEE375-417E-4267-A6AF-914B388509F8}"
EndProject
Project("{9A19103F-16F7-4668-BE54-9A1E7A4F7556}") = "Online Cinema BLL.Services", "Online Cinema BLL.Services\Online Cinema BLL.Services.csproj", "{FEF4DC18-7861-4145-9975-27DEE3A79490}"
EndProject
Project("{9A19103F-16F7-4668-BE54-9A1E7A4F7556}") = "Online Cinema Config", "Online Cinema Config\Online Cinema Config.csproj", "{2C908184-2843-4F24-BCB5-FBEABDE68AAF}"
EndProject
Project("{2150E333-8FDC-42A3-9474-1A3956D46DE8}") = "BLL", "BLL", "{3EA7D52B-2FFB-46DC-9F78-91D512A7F870}"
EndProject
Project("{2150E333-8FDC-42A3-9474-1A3956D46DE8}") = "Common", "Common", "{6B524B25-7DE7-4D80-902F-315025990CD5}"
EndProject
Project("{2150E333-8FDC-42A3-9474-1A3956D46DE8}") = "Domain", "Domain", "{70DB694B-7A8A-499F-80A4-CC18EFBC0080}"
EndProject
Project("{2150E333-8FDC-42A3-9474-1A3956D46DE8}") = "UI", "UI", "{A79ECD82-46F8-480F-A65E-E40A13692A67}"
EndProject
Project("{2150E333-8FDC-42A3-9474-1A3956D46DE8}") = "Models", "Models", "{0A7A7359-D577-4FC8-B449-76AC878B991F}"
EndProject
Project("{FAE04EC0-301F-11D3-BF4B-00C04F79EFBC}") = "Online Cinema Models.View", "Models.View\Online Cinema Models.View.csproj", "{AEA1279B-8EEC-45FB-B125-B85C00F79796}"
EndProject
Global
	GlobalSection(SolutionConfigurationPlatforms) = preSolution
		Debug|Any CPU = Debug|Any CPU
		Release|Any CPU = Release|Any CPU
	EndGlobalSection
	GlobalSection(ProjectConfigurationPlatforms) = postSolution
		{58C5A69B-30B1-4AC0-8BC6-5B85BA7984F8}.Debug|Any CPU.ActiveCfg = Debug|Any CPU
		{58C5A69B-30B1-4AC0-8BC6-5B85BA7984F8}.Debug|Any CPU.Build.0 = Debug|Any CPU
		{58C5A69B-30B1-4AC0-8BC6-5B85BA7984F8}.Release|Any CPU.ActiveCfg = Release|Any CPU
		{58C5A69B-30B1-4AC0-8BC6-5B85BA7984F8}.Release|Any CPU.Build.0 = Release|Any CPU
		{8142125E-38F5-463E-9198-39F0DF3B90F6}.Debug|Any CPU.ActiveCfg = Debug|Any CPU
		{8142125E-38F5-463E-9198-39F0DF3B90F6}.Debug|Any CPU.Build.0 = Debug|Any CPU
		{8142125E-38F5-463E-9198-39F0DF3B90F6}.Release|Any CPU.ActiveCfg = Release|Any CPU
		{8142125E-38F5-463E-9198-39F0DF3B90F6}.Release|Any CPU.Build.0 = Release|Any CPU
		{9B9A2C13-C35B-45A4-BEBC-E8C9A8DE61A6}.Debug|Any CPU.ActiveCfg = Debug|Any CPU
		{9B9A2C13-C35B-45A4-BEBC-E8C9A8DE61A6}.Debug|Any CPU.Build.0 = Debug|Any CPU
		{9B9A2C13-C35B-45A4-BEBC-E8C9A8DE61A6}.Release|Any CPU.ActiveCfg = Release|Any CPU
		{9B9A2C13-C35B-45A4-BEBC-E8C9A8DE61A6}.Release|Any CPU.Build.0 = Release|Any CPU
		{FACE7D1C-0B7A-4762-8034-6205DA3FD82C}.Debug|Any CPU.ActiveCfg = Debug|Any CPU
		{FACE7D1C-0B7A-4762-8034-6205DA3FD82C}.Debug|Any CPU.Build.0 = Debug|Any CPU
		{FACE7D1C-0B7A-4762-8034-6205DA3FD82C}.Release|Any CPU.ActiveCfg = Release|Any CPU
		{FACE7D1C-0B7A-4762-8034-6205DA3FD82C}.Release|Any CPU.Build.0 = Release|Any CPU
		{A13BFC52-5939-4CB5-BAD5-F7317A5D6F5F}.Debug|Any CPU.ActiveCfg = Debug|Any CPU
		{A13BFC52-5939-4CB5-BAD5-F7317A5D6F5F}.Debug|Any CPU.Build.0 = Debug|Any CPU
		{A13BFC52-5939-4CB5-BAD5-F7317A5D6F5F}.Release|Any CPU.ActiveCfg = Release|Any CPU
		{A13BFC52-5939-4CB5-BAD5-F7317A5D6F5F}.Release|Any CPU.Build.0 = Release|Any CPU
		{DF558473-6A7C-48C5-A53E-FB3196FCE8CA}.Debug|Any CPU.ActiveCfg = Debug|Any CPU
		{DF558473-6A7C-48C5-A53E-FB3196FCE8CA}.Debug|Any CPU.Build.0 = Debug|Any CPU
		{DF558473-6A7C-48C5-A53E-FB3196FCE8CA}.Release|Any CPU.ActiveCfg = Release|Any CPU
		{DF558473-6A7C-48C5-A53E-FB3196FCE8CA}.Release|Any CPU.Build.0 = Release|Any CPU
		{E7BD6FBF-FDE7-4E80-BCB6-151ACB055B7C}.Debug|Any CPU.ActiveCfg = Debug|Any CPU
		{E7BD6FBF-FDE7-4E80-BCB6-151ACB055B7C}.Debug|Any CPU.Build.0 = Debug|Any CPU
		{E7BD6FBF-FDE7-4E80-BCB6-151ACB055B7C}.Release|Any CPU.ActiveCfg = Release|Any CPU
		{E7BD6FBF-FDE7-4E80-BCB6-151ACB055B7C}.Release|Any CPU.Build.0 = Release|Any CPU
		{97DEE375-417E-4267-A6AF-914B388509F8}.Debug|Any CPU.ActiveCfg = Debug|Any CPU
		{97DEE375-417E-4267-A6AF-914B388509F8}.Debug|Any CPU.Build.0 = Debug|Any CPU
		{97DEE375-417E-4267-A6AF-914B388509F8}.Release|Any CPU.ActiveCfg = Release|Any CPU
		{97DEE375-417E-4267-A6AF-914B388509F8}.Release|Any CPU.Build.0 = Release|Any CPU
		{FEF4DC18-7861-4145-9975-27DEE3A79490}.Debug|Any CPU.ActiveCfg = Debug|Any CPU
		{FEF4DC18-7861-4145-9975-27DEE3A79490}.Debug|Any CPU.Build.0 = Debug|Any CPU
		{FEF4DC18-7861-4145-9975-27DEE3A79490}.Release|Any CPU.ActiveCfg = Release|Any CPU
		{FEF4DC18-7861-4145-9975-27DEE3A79490}.Release|Any CPU.Build.0 = Release|Any CPU
		{2C908184-2843-4F24-BCB5-FBEABDE68AAF}.Debug|Any CPU.ActiveCfg = Debug|Any CPU
		{2C908184-2843-4F24-BCB5-FBEABDE68AAF}.Debug|Any CPU.Build.0 = Debug|Any CPU
		{2C908184-2843-4F24-BCB5-FBEABDE68AAF}.Release|Any CPU.ActiveCfg = Release|Any CPU
		{2C908184-2843-4F24-BCB5-FBEABDE68AAF}.Release|Any CPU.Build.0 = Release|Any CPU
		{AEA1279B-8EEC-45FB-B125-B85C00F79796}.Debug|Any CPU.ActiveCfg = Debug|Any CPU
		{AEA1279B-8EEC-45FB-B125-B85C00F79796}.Debug|Any CPU.Build.0 = Debug|Any CPU
		{AEA1279B-8EEC-45FB-B125-B85C00F79796}.Release|Any CPU.ActiveCfg = Release|Any CPU
		{AEA1279B-8EEC-45FB-B125-B85C00F79796}.Release|Any CPU.Build.0 = Release|Any CPU
	EndGlobalSection
	GlobalSection(SolutionProperties) = preSolution
		HideSolutionNode = FALSE
	EndGlobalSection
	GlobalSection(NestedProjects) = preSolution
		{58C5A69B-30B1-4AC0-8BC6-5B85BA7984F8} = {A79ECD82-46F8-480F-A65E-E40A13692A67}
		{8142125E-38F5-463E-9198-39F0DF3B90F6} = {3EA7D52B-2FFB-46DC-9F78-91D512A7F870}
		{9B9A2C13-C35B-45A4-BEBC-E8C9A8DE61A6} = {70DB694B-7A8A-499F-80A4-CC18EFBC0080}
		{FACE7D1C-0B7A-4762-8034-6205DA3FD82C} = {0A7A7359-D577-4FC8-B449-76AC878B991F}
		{A13BFC52-5939-4CB5-BAD5-F7317A5D6F5F} = {6B524B25-7DE7-4D80-902F-315025990CD5}
		{DF558473-6A7C-48C5-A53E-FB3196FCE8CA} = {3EA7D52B-2FFB-46DC-9F78-91D512A7F870}
		{E7BD6FBF-FDE7-4E80-BCB6-151ACB055B7C} = {3EA7D52B-2FFB-46DC-9F78-91D512A7F870}
		{97DEE375-417E-4267-A6AF-914B388509F8} = {3EA7D52B-2FFB-46DC-9F78-91D512A7F870}
		{FEF4DC18-7861-4145-9975-27DEE3A79490} = {3EA7D52B-2FFB-46DC-9F78-91D512A7F870}
		{2C908184-2843-4F24-BCB5-FBEABDE68AAF} = {6B524B25-7DE7-4D80-902F-315025990CD5}
		{AEA1279B-8EEC-45FB-B125-B85C00F79796} = {0A7A7359-D577-4FC8-B449-76AC878B991F}
	EndGlobalSection
	GlobalSection(ExtensibilityGlobals) = postSolution
		SolutionGuid = {8068926A-2A6D-46F9-B8D1-029C7D93E037}
	EndGlobalSection
EndGlobal
